// !$*UTF8*$!
{
	archiveVersion = 1;
	classes = {
	};
	objectVersion = 50;
	objects = {

/* Begin PBXBuildFile section */
		43C47F8F21E615FF00ACD64E /* AppDelegate.swift in Sources */ = {isa = PBXBuildFile; fileRef = 43C47F8E21E615FF00ACD64E /* AppDelegate.swift */; };
		43C47F9121E615FF00ACD64E /* CharactersController.swift in Sources */ = {isa = PBXBuildFile; fileRef = 43C47F9021E615FF00ACD64E /* CharactersController.swift */; };
		43C47F9421E615FF00ACD64E /* Main.storyboard in Resources */ = {isa = PBXBuildFile; fileRef = 43C47F9221E615FF00ACD64E /* Main.storyboard */; };
		43C47F9621E6160300ACD64E /* Assets.xcassets in Resources */ = {isa = PBXBuildFile; fileRef = 43C47F9521E6160300ACD64E /* Assets.xcassets */; };
		43C47F9921E6160300ACD64E /* LaunchScreen.storyboard in Resources */ = {isa = PBXBuildFile; fileRef = 43C47F9721E6160300ACD64E /* LaunchScreen.storyboard */; };
		43C47FA421E617E600ACD64E /* NavController.swift in Sources */ = {isa = PBXBuildFile; fileRef = 43C47FA321E617E600ACD64E /* NavController.swift */; };
		43C47FA621E624DF00ACD64E /* APIHelper.swift in Sources */ = {isa = PBXBuildFile; fileRef = 43C47FA521E624DF00ACD64E /* APIHelper.swift */; };
		43C47FA821E62E7800ACD64E /* APIResult.swift in Sources */ = {isa = PBXBuildFile; fileRef = 43C47FA721E62E7800ACD64E /* APIResult.swift */; };
		43C47FAA21E6457900ACD64E /* PersoCell.swift in Sources */ = {isa = PBXBuildFile; fileRef = 43C47FA921E6457900ACD64E /* PersoCell.swift */; };
		43C47FAC21E6466200ACD64E /* Extensions.swift in Sources */ = {isa = PBXBuildFile; fileRef = 43C47FAB21E6466200ACD64E /* Extensions.swift */; };
/* End PBXBuildFile section */

/* Begin PBXFileReference section */
		43C47F8B21E615FF00ACD64E /* Rick And Morty API.app */ = {isa = PBXFileReference; explicitFileType = wrapper.application; includeInIndex = 0; path = "Rick And Morty API.app"; sourceTree = BUILT_PRODUCTS_DIR; };
		43C47F8E21E615FF00ACD64E /* AppDelegate.swift */ = {isa = PBXFileReference; lastKnownFileType = sourcecode.swift; path = AppDelegate.swift; sourceTree = "<group>"; };
		43C47F9021E615FF00ACD64E /* CharactersController.swift */ = {isa = PBXFileReference; lastKnownFileType = sourcecode.swift; path = CharactersController.swift; sourceTree = "<group>"; };
		43C47F9321E615FF00ACD64E /* Base */ = {isa = PBXFileReference; lastKnownFileType = file.storyboard; name = Base; path = Base.lproj/Main.storyboard; sourceTree = "<group>"; };
		43C47F9521E6160300ACD64E /* Assets.xcassets */ = {isa = PBXFileReference; lastKnownFileType = folder.assetcatalog; path = Assets.xcassets; sourceTree = "<group>"; };
		43C47F9821E6160300ACD64E /* Base */ = {isa = PBXFileReference; lastKnownFileType = file.storyboard; name = Base; path = Base.lproj/LaunchScreen.storyboard; sourceTree = "<group>"; };
		43C47F9A21E6160300ACD64E /* Info.plist */ = {isa = PBXFileReference; lastKnownFileType = text.plist.xml; path = Info.plist; sourceTree = "<group>"; };
		43C47FA321E617E600ACD64E /* NavController.swift */ = {isa = PBXFileReference; lastKnownFileType = sourcecode.swift; path = NavController.swift; sourceTree = "<group>"; };
		43C47FA521E624DF00ACD64E /* APIHelper.swift */ = {isa = PBXFileReference; lastKnownFileType = sourcecode.swift; path = APIHelper.swift; sourceTree = "<group>"; };
		43C47FA721E62E7800ACD64E /* APIResult.swift */ = {isa = PBXFileReference; lastKnownFileType = sourcecode.swift; path = APIResult.swift; sourceTree = "<group>"; };
		43C47FA921E6457900ACD64E /* PersoCell.swift */ = {isa = PBXFileReference; lastKnownFileType = sourcecode.swift; path = PersoCell.swift; sourceTree = "<group>"; };
		43C47FAB21E6466200ACD64E /* Extensions.swift */ = {isa = PBXFileReference; lastKnownFileType = sourcecode.swift; path = Extensions.swift; sourceTree = "<group>"; };
/* End PBXFileReference section */

/* Begin PBXFrameworksBuildPhase section */
		43C47F8821E615FF00ACD64E /* Frameworks */ = {
			isa = PBXFrameworksBuildPhase;
			buildActionMask = 2147483647;
			files = (
			);
			runOnlyForDeploymentPostprocessing = 0;
		};
/* End PBXFrameworksBuildPhase section */

/* Begin PBXGroup section */
		43C47F8221E615FF00ACD64E = {
			isa = PBXGroup;
			children = (
				43C47F8D21E615FF00ACD64E /* Rick And Morty API */,
				43C47F8C21E615FF00ACD64E /* Products */,
			);
			sourceTree = "<group>";
		};
		43C47F8C21E615FF00ACD64E /* Products */ = {
			isa = PBXGroup;
			children = (
				43C47F8B21E615FF00ACD64E /* Rick And Morty API.app */,
			);
			name = Products;
			sourceTree = "<group>";
		};
		43C47F8D21E615FF00ACD64E /* Rick And Morty API */ = {
			isa = PBXGroup;
			children = (
				43C47FA121E617AF00ACD64E /* Modele */,
				43C47FA221E617B500ACD64E /* Vue */,
				43C47FA021E617A700ACD64E /* Controller */,
				43C47F8E21E615FF00ACD64E /* AppDelegate.swift */,
				43C47F9221E615FF00ACD64E /* Main.storyboard */,
				43C47F9521E6160300ACD64E /* Assets.xcassets */,
				43C47F9721E6160300ACD64E /* LaunchScreen.storyboard */,
				43C47F9A21E6160300ACD64E /* Info.plist */,
			);
			path = "Rick And Morty API";
			sourceTree = "<group>";
		};
		43C47FA021E617A700ACD64E /* Controller */ = {
			isa = PBXGroup;
			children = (
				43C47FA321E617E600ACD64E /* NavController.swift */,
				43C47F9021E615FF00ACD64E /* CharactersController.swift */,
			);
			path = Controller;
			sourceTree = "<group>";
		};
		43C47FA121E617AF00ACD64E /* Modele */ = {
			isa = PBXGroup;
			children = (
				43C47FA521E624DF00ACD64E /* APIHelper.swift */,
				43C47FA721E62E7800ACD64E /* APIResult.swift */,
				43C47FAB21E6466200ACD64E /* Extensions.swift */,
			);
			path = Modele;
			sourceTree = "<group>";
		};
		43C47FA221E617B500ACD64E /* Vue */ = {
			isa = PBXGroup;
			children = (
				43C47FA921E6457900ACD64E /* PersoCell.swift */,
			);
			path = Vue;
			sourceTree = "<group>";
		};
/* End PBXGroup section */

/* Begin PBXNativeTarget section */
		43C47F8A21E615FF00ACD64E /* Rick And Morty API */ = {
			isa = PBXNativeTarget;
			buildConfigurationList = 43C47F9D21E6160300ACD64E /* Build configuration list for PBXNativeTarget "Rick And Morty API" */;
			buildPhases = (
				43C47F8721E615FF00ACD64E /* Sources */,
				43C47F8821E615FF00ACD64E /* Frameworks */,
				43C47F8921E615FF00ACD64E /* Resources */,
			);
			buildRules = (
			);
			dependencies = (
			);
			name = "Rick And Morty API";
			productName = "Rick And Morty API";
			productReference = 43C47F8B21E615FF00ACD64E /* Rick And Morty API.app */;
			productType = "com.apple.product-type.application";
		};
/* End PBXNativeTarget section */

/* Begin PBXProject section */
		43C47F8321E615FF00ACD64E /* Project object */ = {
			isa = PBXProject;
			attributes = {
				LastSwiftUpdateCheck = 1010;
				LastUpgradeCheck = 1010;
				ORGANIZATIONNAME = ozvassilius;
				TargetAttributes = {
					43C47F8A21E615FF00ACD64E = {
						CreatedOnToolsVersion = 10.1;
					};
				};
			};
			buildConfigurationList = 43C47F8621E615FF00ACD64E /* Build configuration list for PBXProject "Rick And Morty API" */;
			compatibilityVersion = "Xcode 9.3";
			developmentRegion = en;
			hasScannedForEncodings = 0;
			knownRegions = (
				en,
				Base,
			);
			mainGroup = 43C47F8221E615FF00ACD64E;
			productRefGroup = 43C47F8C21E615FF00ACD64E /* Products */;
			projectDirPath = "";
			projectRoot = "";
			targets = (
				43C47F8A21E615FF00ACD64E /* Rick And Morty API */,
			);
		};
/* End PBXProject section */

/* Begin PBXResourcesBuildPhase section */
		43C47F8921E615FF00ACD64E /* Resources */ = {
			isa = PBXResourcesBuildPhase;
			buildActionMask = 2147483647;
			files = (
				43C47F9921E6160300ACD64E /* LaunchScreen.storyboard in Resources */,
				43C47F9621E6160300ACD64E /* Assets.xcassets in Resources */,
				43C47F9421E615FF00ACD64E /* Main.storyboard in Resources */,
			);
			runOnlyForDeploymentPostprocessing = 0;
		};
/* End PBXResourcesBuildPhase section */

/* Begin PBXSourcesBuildPhase section */
		43C47F8721E615FF00ACD64E /* Sources */ = {
			isa = PBXSourcesBuildPhase;
			buildActionMask = 2147483647;
			files = (
				43C47FA621E624DF00ACD64E /* APIHelper.swift in Sources */,
				43C47FA821E62E7800ACD64E /* APIResult.swift in Sources */,
				43C47F9121E615FF00ACD64E /* CharactersController.swift in Sources */,
				43C47F8F21E615FF00ACD64E /* AppDelegate.swift in Sources */,
				43C47FA421E617E600ACD64E /* NavController.swift in Sources */,
				43C47FAA21E6457900ACD64E /* PersoCell.swift in Sources */,
				43C47FAC21E6466200ACD64E /* Extensions.swift in Sources */,
			);
			runOnlyForDeploymentPostprocessing = 0;
		};
/* End PBXSourcesBuildPhase section */

/* Begin PBXVariantGroup section */
		43C47F9221E615FF00ACD64E /* Main.storyboard */ = {
			isa = PBXVariantGroup;
			children = (
				43C47F9321E615FF00ACD64E /* Base */,
			);
			name = Main.storyboard;
			sourceTree = "<group>";
		};
		43C47F9721E6160300ACD64E /* LaunchScreen.storyboard */ = {
			isa = PBXVariantGroup;
			children = (
				43C47F9821E6160300ACD64E /* Base */,
			);
			name = LaunchScreen.storyboard;
			sourceTree = "<group>";
		};
/* End PBXVariantGroup section */

/* Begin XCBuildConfiguration section */
		43C47F9B21E6160300ACD64E /* Debug */ = {
			isa = XCBuildConfiguration;
			buildSettings = {
				ALWAYS_SEARCH_USER_PATHS = NO;
				CLANG_ANALYZER_NONNULL = YES;
				CLANG_ANALYZER_NUMBER_OBJECT_CONVERSION = YES_AGGRESSIVE;
				CLANG_CXX_LANGUAGE_STANDARD = "gnu++14";
				CLANG_CXX_LIBRARY = "libc++";
				CLANG_ENABLE_MODULES = YES;
				CLANG_ENABLE_OBJC_ARC = YES;
				CLANG_ENABLE_OBJC_WEAK = YES;
				CLANG_WARN_BLOCK_CAPTURE_AUTORELEASING = YES;
				CLANG_WARN_BOOL_CONVERSION = YES;
				CLANG_WARN_COMMA = YES;
				CLANG_WARN_CONSTANT_CONVERSION = YES;
				CLANG_WARN_DEPRECATED_OBJC_IMPLEMENTATIONS = YES;
				CLANG_WARN_DIRECT_OBJC_ISA_USAGE = YES_ERROR;
				CLANG_WARN_DOCUMENTATION_COMMENTS = YES;
				CLANG_WARN_EMPTY_BODY = YES;
				CLANG_WARN_ENUM_CONVERSION = YES;
				CLANG_WARN_INFINITE_RECURSION = YES;
				CLANG_WARN_INT_CONVERSION = YES;
				CLANG_WARN_NON_LITERAL_NULL_CONVERSION = YES;
				CLANG_WARN_OBJC_IMPLICIT_RETAIN_SELF = YES;
				CLANG_WARN_OBJC_LITERAL_CONVERSION = YES;
				CLANG_WARN_OBJC_ROOT_CLASS = YES_ERROR;
				CLANG_WARN_RANGE_LOOP_ANALYSIS = YES;
				CLANG_WARN_STRICT_PROTOTYPES = YES;
				CLANG_WARN_SUSPICIOUS_MOVE = YES;
				CLANG_WARN_UNGUARDED_AVAILABILITY = YES_AGGRESSIVE;
				CLANG_WARN_UNREACHABLE_CODE = YES;
				CLANG_WARN__DUPLICATE_METHOD_MATCH = YES;
				CODE_SIGN_IDENTITY = "iPhone Developer";
				COPY_PHASE_STRIP = NO;
				DEBUG_INFORMATION_FORMAT = dwarf;
				ENABLE_STRICT_OBJC_MSGSEND = YES;
				ENABLE_TESTABILITY = YES;
				GCC_C_LANGUAGE_STANDARD = gnu11;
				GCC_DYNAMIC_NO_PIC = NO;
				GCC_NO_COMMON_BLOCKS = YES;
				GCC_OPTIMIZATION_LEVEL = 0;
				GCC_PREPROCESSOR_DEFINITIONS = (
					"DEBUG=1",
					"$(inherited)",
				);
				GCC_WARN_64_TO_32_BIT_CONVERSION = YES;
				GCC_WARN_ABOUT_RETURN_TYPE = YES_ERROR;
				GCC_WARN_UNDECLARED_SELECTOR = YES;
				GCC_WARN_UNINITIALIZED_AUTOS = YES_AGGRESSIVE;
				GCC_WARN_UNUSED_FUNCTION = YES;
				GCC_WARN_UNUSED_VARIABLE = YES;
				IPHONEOS_DEPLOYMENT_TARGET = 12.1;
				MTL_ENABLE_DEBUG_INFO = INCLUDE_SOURCE;
				MTL_FAST_MATH = YES;
				ONLY_ACTIVE_ARCH = YES;
				SDKROOT = iphoneos;
				SWIFT_ACTIVE_COMPILATION_CONDITIONS = DEBUG;
				SWIFT_OPTIMIZATION_LEVEL = "-Onone";
			};
			name = Debug;
		};
		43C47F9C21E6160300ACD64E /* Release */ = {
			isa = XCBuildConfiguration;
			buildSettings = {
				ALWAYS_SEARCH_USER_PATHS = NO;
				CLANG_ANALYZER_NONNULL = YES;
				CLANG_ANALYZER_NUMBER_OBJECT_CONVERSION = YES_AGGRESSIVE;
				CLANG_CXX_LANGUAGE_STANDARD = "gnu++14";
				CLANG_CXX_LIBRARY = "libc++";
				CLANG_ENABLE_MODULES = YES;
				CLANG_ENABLE_OBJC_ARC = YES;
				CLANG_ENABLE_OBJC_WEAK = YES;
				CLANG_WARN_BLOCK_CAPTURE_AUTORELEASING = YES;
				CLANG_WARN_BOOL_CONVERSION = YES;
				CLANG_WARN_COMMA = YES;
				CLANG_WARN_CONSTANT_CONVERSION = YES;
				CLANG_WARN_DEPRECATED_OBJC_IMPLEMENTATIONS = YES;
				CLANG_WARN_DIRECT_OBJC_ISA_USAGE = YES_ERROR;
				CLANG_WARN_DOCUMENTATION_COMMENTS = YES;
				CLANG_WARN_EMPTY_BODY = YES;
				CLANG_WARN_ENUM_CONVERSION = YES;
				CLANG_WARN_INFINITE_RECURSION = YES;
				CLANG_WARN_INT_CONVERSION = YES;
				CLANG_WARN_NON_LITERAL_NULL_CONVERSION = YES;
				CLANG_WARN_OBJC_IMPLICIT_RETAIN_SELF = YES;
				CLANG_WARN_OBJC_LITERAL_CONVERSION = YES;
				CLANG_WARN_OBJC_ROOT_CLASS = YES_ERROR;
				CLANG_WARN_RANGE_LOOP_ANALYSIS = YES;
				CLANG_WARN_STRICT_PROTOTYPES = YES;
				CLANG_WARN_SUSPICIOUS_MOVE = YES;
				CLANG_WARN_UNGUARDED_AVAILABILITY = YES_AGGRESSIVE;
				CLANG_WARN_UNREACHABLE_CODE = YES;
				CLANG_WARN__DUPLICATE_METHOD_MATCH = YES;
				CODE_SIGN_IDENTITY = "iPhone Developer";
				COPY_PHASE_STRIP = NO;
				DEBUG_INFORMATION_FORMAT = "dwarf-with-dsym";
				ENABLE_NS_ASSERTIONS = NO;
				ENABLE_STRICT_OBJC_MSGSEND = YES;
				GCC_C_LANGUAGE_STANDARD = gnu11;
				GCC_NO_COMMON_BLOCKS = YES;
				GCC_WARN_64_TO_32_BIT_CONVERSION = YES;
				GCC_WARN_ABOUT_RETURN_TYPE = YES_ERROR;
				GCC_WARN_UNDECLARED_SELECTOR = YES;
				GCC_WARN_UNINITIALIZED_AUTOS = YES_AGGRESSIVE;
				GCC_WARN_UNUSED_FUNCTION = YES;
				GCC_WARN_UNUSED_VARIABLE = YES;
				IPHONEOS_DEPLOYMENT_TARGET = 12.1;
				MTL_ENABLE_DEBUG_INFO = NO;
				MTL_FAST_MATH = YES;
				SDKROOT = iphoneos;
				SWIFT_COMPILATION_MODE = wholemodule;
				SWIFT_OPTIMIZATION_LEVEL = "-O";
				VALIDATE_PRODUCT = YES;
			};
			name = Release;
		};
		43C47F9E21E6160300ACD64E /* Debug */ = {
			isa = XCBuildConfiguration;
			buildSettings = {
				ASSETCATALOG_COMPILER_APPICON_NAME = AppIcon;
				CODE_SIGN_STYLE = Automatic;
				DEVELOPMENT_TEAM = C9TCQ58AT3;
				INFOPLIST_FILE = "Rick And Morty API/Info.plist";
				LD_RUNPATH_SEARCH_PATHS = (
					"$(inherited)",
					"@executable_path/Frameworks",
				);
				PRODUCT_BUNDLE_IDENTIFIER = "com.ozvassilius.Rick-And-Morty-API";
				PRODUCT_NAME = "$(TARGET_NAME)";
				SWIFT_VERSION = 4.2;
				TARGETED_DEVICE_FAMILY = "1,2";
			};
			name = Debug;
		};
		43C47F9F21E6160300ACD64E /* Release */ = {
			isa = XCBuildConfiguration;
			buildSettings = {
				ASSETCATALOG_COMPILER_APPICON_NAME = AppIcon;
				CODE_SIGN_STYLE = Automatic;
				DEVELOPMENT_TEAM = C9TCQ58AT3;
				INFOPLIST_FILE = "Rick And Morty API/Info.plist";
				LD_RUNPATH_SEARCH_PATHS = (
					"$(inherited)",
					"@executable_path/Frameworks",
				);
				PRODUCT_BUNDLE_IDENTIFIER = "com.ozvassilius.Rick-And-Morty-API";
				PRODUCT_NAME = "$(TARGET_NAME)";
				SWIFT_VERSION = 4.2;
				TARGETED_DEVICE_FAMILY = "1,2";
			};
			name = Release;
		};
/* End XCBuildConfiguration section */

/* Begin XCConfigurationList section */
		43C47F8621E615FF00ACD64E /* Build configuration list for PBXProject "Rick And Morty API" */ = {
			isa = XCConfigurationList;
			buildConfigurations = (
				43C47F9B21E6160300ACD64E /* Debug */,
				43C47F9C21E6160300ACD64E /* Release */,
			);
			defaultConfigurationIsVisible = 0;
			defaultConfigurationName = Release;
		};
		43C47F9D21E6160300ACD64E /* Build configuration list for PBXNativeTarget "Rick And Morty API" */ = {
			isa = XCConfigurationList;
			buildConfigurations = (
				43C47F9E21E6160300ACD64E /* Debug */,
				43C47F9F21E6160300ACD64E /* Release */,
			);
			defaultConfigurationIsVisible = 0;
			defaultConfigurationName = Release;
		};
/* End XCConfigurationList section */
	};
	rootObject = 43C47F8321E615FF00ACD64E /* Project object */;
}
